
Microsoft Visual Studio Solution File, Format Version 11.00
# Visual Studio 2010
Project("{8BC9CEB8-8B4A-11D0-8D11-00A0C91BC942}") = "vowel_recognition_assignment_3", "vowel_recognition_assignment_3\vowel_recognition_assignment_3.vcxproj", "{7BE1D29E-B148-4403-AA34-586390F54165}"
EndProject
Global
	GlobalSection(SolutionConfigurationPlatforms) = preSolution
		Debug|Win32 = Debug|Win32
		Release|Win32 = Release|Win32
	EndGlobalSection
	GlobalSection(ProjectConfigurationPlatforms) = postSolution
		{7BE1D29E-B148-4403-AA34-586390F54165}.Debug|Win32.ActiveCfg = Debug|Win32
		{7BE1D29E-B148-4403-AA34-586390F54165}.Debug|Win32.Build.0 = Debug|Win32
		{7BE1D29E-B148-4403-AA34-586390F54165}.Release|Win32.ActiveCfg = Release|Win32
		{7BE1D29E-B148-4403-AA34-586390F54165}.Release|Win32.Build.0 = Release|Win32
	EndGlobalSection
	GlobalSection(SolutionProperties) = preSolution
		HideSolutionNode = FALSE
	EndGlobalSection
EndGlobal
